
Microsoft Visual Studio Solution File, Format Version 12.00
# Visual Studio Version 17
VisualStudioVersion = 17.11.35222.181
MinimumVisualStudioVersion = 10.0.40219.1
Project("{FAE04EC0-301F-11D3-BF4B-00C04F79EFBC}") = "Web", "Web\Web.csproj", "{C6CC67E5-5874-4F02-93B5-2D9F02CF8064}"
EndProject
Project("{FAE04EC0-301F-11D3-BF4B-00C04F79EFBC}") = "Common", "Common\Common.csproj", "{7AB178E6-B0A7-4587-BBD0-EADB8EEB162F}"
EndProject
Project("{FAE04EC0-301F-11D3-BF4B-00C04F79EFBC}") = "Services", "Services\Services.csproj", "{22736AE3-A17F-4EB1-9626-F4E25D99F975}"
EndProject
Project("{FAE04EC0-301F-11D3-BF4B-00C04F79EFBC}") = "Data", "Data\Data.csproj", "{86581CE5-2210-4A10-A93A-677AA3EA5A3B}"
EndProject
Global
	GlobalSection(SolutionConfigurationPlatforms) = preSolution
		Debug|Any CPU = Debug|Any CPU
		Release|Any CPU = Release|Any CPU
	EndGlobalSection
	GlobalSection(ProjectConfigurationPlatforms) = postSolution
		{C6CC67E5-5874-4F02-93B5-2D9F02CF8064}.Debug|Any CPU.ActiveCfg = Debug|Any CPU
		{C6CC67E5-5874-4F02-93B5-2D9F02CF8064}.Debug|Any CPU.Build.0 = Debug|Any CPU
		{C6CC67E5-5874-4F02-93B5-2D9F02CF8064}.Release|Any CPU.ActiveCfg = Release|Any CPU
		{C6CC67E5-5874-4F02-93B5-2D9F02CF8064}.Release|Any CPU.Build.0 = Release|Any CPU
		{7AB178E6-B0A7-4587-BBD0-EADB8EEB162F}.Debug|Any CPU.ActiveCfg = Debug|Any CPU
		{7AB178E6-B0A7-4587-BBD0-EADB8EEB162F}.Debug|Any CPU.Build.0 = Debug|Any CPU
		{7AB178E6-B0A7-4587-BBD0-EADB8EEB162F}.Release|Any CPU.ActiveCfg = Release|Any CPU
		{7AB178E6-B0A7-4587-BBD0-EADB8EEB162F}.Release|Any CPU.Build.0 = Release|Any CPU
		{22736AE3-A17F-4EB1-9626-F4E25D99F975}.Debug|Any CPU.ActiveCfg = Debug|Any CPU
		{22736AE3-A17F-4EB1-9626-F4E25D99F975}.Debug|Any CPU.Build.0 = Debug|Any CPU
		{22736AE3-A17F-4EB1-9626-F4E25D99F975}.Release|Any CPU.ActiveCfg = Release|Any CPU
		{22736AE3-A17F-4EB1-9626-F4E25D99F975}.Release|Any CPU.Build.0 = Release|Any CPU
		{86581CE5-2210-4A10-A93A-677AA3EA5A3B}.Debug|Any CPU.ActiveCfg = Debug|Any CPU
		{86581CE5-2210-4A10-A93A-677AA3EA5A3B}.Debug|Any CPU.Build.0 = Debug|Any CPU
		{86581CE5-2210-4A10-A93A-677AA3EA5A3B}.Release|Any CPU.ActiveCfg = Release|Any CPU
		{86581CE5-2210-4A10-A93A-677AA3EA5A3B}.Release|Any CPU.Build.0 = Release|Any CPU
	EndGlobalSection
	GlobalSection(SolutionProperties) = preSolution
		HideSolutionNode = FALSE
	EndGlobalSection
	GlobalSection(ExtensibilityGlobals) = postSolution
		SolutionGuid = {465DB7CE-ED79-40FF-9ED5-472BDCADA299}
	EndGlobalSection
EndGlobal
