
Microsoft Visual Studio Solution File, Format Version 12.00
# Visual Studio Version 17
VisualStudioVersion = 17.11.35222.181
MinimumVisualStudioVersion = 10.0.40219.1
Project("{2150E333-8FDC-42A3-9474-1A3956D46DE8}") = "Test", "Test", "{8E6C7C77-A6D5-4C02-B77C-F25F9142757D}"
EndProject
Project("{9A19103F-16F7-4668-BE54-9A1E7A4F7556}") = "Hap.Algo.Benchmarks", "Tests\Hap.Algo.Benchmarks\Hap.Algo.Benchmarks.csproj", "{11019B0D-0BC1-4207-8460-D2052FE899D8}"
EndProject
Project("{9A19103F-16F7-4668-BE54-9A1E7A4F7556}") = "Hap.Algo.Runner", "Tests\Hap.Algo.Runner\Hap.Algo.Runner.csproj", "{92CF1ADC-3A75-43BA-A96F-F7873A9BAC3A}"
EndProject
Project("{9A19103F-16F7-4668-BE54-9A1E7A4F7556}") = "Hap.Algo.UnitTests", "Tests\Hap.Algo.UnitTests\Hap.Algo.UnitTests.csproj", "{D2F0DB0A-E757-4700-9561-949310A81441}"
EndProject
Project("{9A19103F-16F7-4668-BE54-9A1E7A4F7556}") = "Hap.Algo.Common", "Hap.Algo.Common\Hap.Algo.Common.csproj", "{CD72419A-B6E1-4932-BFAB-1024B541B20B}"
EndProject
Project("{9A19103F-16F7-4668-BE54-9A1E7A4F7556}") = "Hap.Algo.Data", "Hap.Algo.Data\Hap.Algo.Data.csproj", "{22CFD8BF-ACB2-439A-B060-393B1D33D58E}"
EndProject
Project("{9A19103F-16F7-4668-BE54-9A1E7A4F7556}") = "Hap.Algo.Services", "Hap.Algo.Services\Hap.Algo.Services.csproj", "{55DCEE10-B5B4-41AD-BC31-AA85FBA16B98}"
EndProject
Project("{9A19103F-16F7-4668-BE54-9A1E7A4F7556}") = "Hap.Algo.Web", "Hap.Algo.Web\Hap.Algo.Web.csproj", "{6AAEFAA6-F1F1-47D8-8992-59CE9AF71D00}"
EndProject
Global
	GlobalSection(SolutionConfigurationPlatforms) = preSolution
		Debug|Any CPU = Debug|Any CPU
		Release|Any CPU = Release|Any CPU
	EndGlobalSection
	GlobalSection(ProjectConfigurationPlatforms) = postSolution
		{11019B0D-0BC1-4207-8460-D2052FE899D8}.Debug|Any CPU.ActiveCfg = Debug|Any CPU
		{11019B0D-0BC1-4207-8460-D2052FE899D8}.Debug|Any CPU.Build.0 = Debug|Any CPU
		{11019B0D-0BC1-4207-8460-D2052FE899D8}.Release|Any CPU.ActiveCfg = Release|Any CPU
		{11019B0D-0BC1-4207-8460-D2052FE899D8}.Release|Any CPU.Build.0 = Release|Any CPU
		{92CF1ADC-3A75-43BA-A96F-F7873A9BAC3A}.Debug|Any CPU.ActiveCfg = Debug|Any CPU
		{92CF1ADC-3A75-43BA-A96F-F7873A9BAC3A}.Debug|Any CPU.Build.0 = Debug|Any CPU
		{92CF1ADC-3A75-43BA-A96F-F7873A9BAC3A}.Release|Any CPU.ActiveCfg = Release|Any CPU
		{92CF1ADC-3A75-43BA-A96F-F7873A9BAC3A}.Release|Any CPU.Build.0 = Release|Any CPU
		{D2F0DB0A-E757-4700-9561-949310A81441}.Debug|Any CPU.ActiveCfg = Debug|Any CPU
		{D2F0DB0A-E757-4700-9561-949310A81441}.Debug|Any CPU.Build.0 = Debug|Any CPU
		{D2F0DB0A-E757-4700-9561-949310A81441}.Release|Any CPU.ActiveCfg = Release|Any CPU
		{D2F0DB0A-E757-4700-9561-949310A81441}.Release|Any CPU.Build.0 = Release|Any CPU
		{CD72419A-B6E1-4932-BFAB-1024B541B20B}.Debug|Any CPU.ActiveCfg = Debug|Any CPU
		{CD72419A-B6E1-4932-BFAB-1024B541B20B}.Debug|Any CPU.Build.0 = Debug|Any CPU
		{CD72419A-B6E1-4932-BFAB-1024B541B20B}.Release|Any CPU.ActiveCfg = Release|Any CPU
		{CD72419A-B6E1-4932-BFAB-1024B541B20B}.Release|Any CPU.Build.0 = Release|Any CPU
		{22CFD8BF-ACB2-439A-B060-393B1D33D58E}.Debug|Any CPU.ActiveCfg = Debug|Any CPU
		{22CFD8BF-ACB2-439A-B060-393B1D33D58E}.Debug|Any CPU.Build.0 = Debug|Any CPU
		{22CFD8BF-ACB2-439A-B060-393B1D33D58E}.Release|Any CPU.ActiveCfg = Release|Any CPU
		{22CFD8BF-ACB2-439A-B060-393B1D33D58E}.Release|Any CPU.Build.0 = Release|Any CPU
		{55DCEE10-B5B4-41AD-BC31-AA85FBA16B98}.Debug|Any CPU.ActiveCfg = Debug|Any CPU
		{55DCEE10-B5B4-41AD-BC31-AA85FBA16B98}.Debug|Any CPU.Build.0 = Debug|Any CPU
		{55DCEE10-B5B4-41AD-BC31-AA85FBA16B98}.Release|Any CPU.ActiveCfg = Release|Any CPU
		{55DCEE10-B5B4-41AD-BC31-AA85FBA16B98}.Release|Any CPU.Build.0 = Release|Any CPU
		{6AAEFAA6-F1F1-47D8-8992-59CE9AF71D00}.Debug|Any CPU.ActiveCfg = Debug|Any CPU
		{6AAEFAA6-F1F1-47D8-8992-59CE9AF71D00}.Debug|Any CPU.Build.0 = Debug|Any CPU
		{6AAEFAA6-F1F1-47D8-8992-59CE9AF71D00}.Release|Any CPU.ActiveCfg = Release|Any CPU
		{6AAEFAA6-F1F1-47D8-8992-59CE9AF71D00}.Release|Any CPU.Build.0 = Release|Any CPU
	EndGlobalSection
	GlobalSection(SolutionProperties) = preSolution
		HideSolutionNode = FALSE
	EndGlobalSection
	GlobalSection(NestedProjects) = preSolution
		{11019B0D-0BC1-4207-8460-D2052FE899D8} = {8E6C7C77-A6D5-4C02-B77C-F25F9142757D}
		{92CF1ADC-3A75-43BA-A96F-F7873A9BAC3A} = {8E6C7C77-A6D5-4C02-B77C-F25F9142757D}
		{D2F0DB0A-E757-4700-9561-949310A81441} = {8E6C7C77-A6D5-4C02-B77C-F25F9142757D}
	EndGlobalSection
	GlobalSection(ExtensibilityGlobals) = postSolution
		SolutionGuid = {465DB7CE-ED79-40FF-9ED5-472BDCADA299}
	EndGlobalSection
EndGlobal
